// !$*UTF8*$!
{
	archiveVersion = 1;
	classes = {
	};
	objectVersion = 50;
	objects = {

/* Begin PBXBuildFile section */
		E2E9F113252624EF00107D51 /* AppDelegate.swift in Sources */ = {isa = PBXBuildFile; fileRef = E2E9F112252624EF00107D51 /* AppDelegate.swift */; };
		E2E9F115252624EF00107D51 /* SceneDelegate.swift in Sources */ = {isa = PBXBuildFile; fileRef = E2E9F114252624EF00107D51 /* SceneDelegate.swift */; };
		E2E9F117252624EF00107D51 /* ViewController.swift in Sources */ = {isa = PBXBuildFile; fileRef = E2E9F116252624EF00107D51 /* ViewController.swift */; };
		E2E9F11A252624EF00107D51 /* Main.storyboard in Resources */ = {isa = PBXBuildFile; fileRef = E2E9F118252624EF00107D51 /* Main.storyboard */; };
		E2E9F11C252624F800107D51 /* Assets.xcassets in Resources */ = {isa = PBXBuildFile; fileRef = E2E9F11B252624F800107D51 /* Assets.xcassets */; };
		E2E9F11F252624F800107D51 /* LaunchScreen.storyboard in Resources */ = {isa = PBXBuildFile; fileRef = E2E9F11D252624F800107D51 /* LaunchScreen.storyboard */; };
		E2E9F12A252624F900107D51 /* RealmTests.swift in Sources */ = {isa = PBXBuildFile; fileRef = E2E9F129252624F900107D51 /* RealmTests.swift */; };
		E2E9F135252624F900107D51 /* RealmUITests.swift in Sources */ = {isa = PBXBuildFile; fileRef = E2E9F134252624F900107D51 /* RealmUITests.swift */; };
/* End PBXBuildFile section */

/* Begin PBXContainerItemProxy section */
		E2E9F126252624F900107D51 /* PBXContainerItemProxy */ = {
			isa = PBXContainerItemProxy;
			containerPortal = E2E9F107252624EF00107D51 /* Project object */;
			proxyType = 1;
			remoteGlobalIDString = E2E9F10E252624EF00107D51;
			remoteInfo = Realm;
		};
		E2E9F131252624F900107D51 /* PBXContainerItemProxy */ = {
			isa = PBXContainerItemProxy;
			containerPortal = E2E9F107252624EF00107D51 /* Project object */;
			proxyType = 1;
			remoteGlobalIDString = E2E9F10E252624EF00107D51;
			remoteInfo = Realm;
		};
/* End PBXContainerItemProxy section */

/* Begin PBXFileReference section */
		E2E9F10F252624EF00107D51 /* Realm.app */ = {isa = PBXFileReference; explicitFileType = wrapper.application; includeInIndex = 0; path = Realm.app; sourceTree = BUILT_PRODUCTS_DIR; };
		E2E9F112252624EF00107D51 /* AppDelegate.swift */ = {isa = PBXFileReference; lastKnownFileType = sourcecode.swift; path = AppDelegate.swift; sourceTree = "<group>"; };
		E2E9F114252624EF00107D51 /* SceneDelegate.swift */ = {isa = PBXFileReference; lastKnownFileType = sourcecode.swift; path = SceneDelegate.swift; sourceTree = "<group>"; };
		E2E9F116252624EF00107D51 /* ViewController.swift */ = {isa = PBXFileReference; lastKnownFileType = sourcecode.swift; path = ViewController.swift; sourceTree = "<group>"; };
		E2E9F119252624EF00107D51 /* Base */ = {isa = PBXFileReference; lastKnownFileType = file.storyboard; name = Base; path = Base.lproj/Main.storyboard; sourceTree = "<group>"; };
		E2E9F11B252624F800107D51 /* Assets.xcassets */ = {isa = PBXFileReference; lastKnownFileType = folder.assetcatalog; path = Assets.xcassets; sourceTree = "<group>"; };
		E2E9F11E252624F800107D51 /* Base */ = {isa = PBXFileReference; lastKnownFileType = file.storyboard; name = Base; path = Base.lproj/LaunchScreen.storyboard; sourceTree = "<group>"; };
		E2E9F120252624F800107D51 /* Info.plist */ = {isa = PBXFileReference; lastKnownFileType = text.plist.xml; path = Info.plist; sourceTree = "<group>"; };
		E2E9F125252624F900107D51 /* RealmTests.xctest */ = {isa = PBXFileReference; explicitFileType = wrapper.cfbundle; includeInIndex = 0; path = RealmTests.xctest; sourceTree = BUILT_PRODUCTS_DIR; };
		E2E9F129252624F900107D51 /* RealmTests.swift */ = {isa = PBXFileReference; lastKnownFileType = sourcecode.swift; path = RealmTests.swift; sourceTree = "<group>"; };
		E2E9F12B252624F900107D51 /* Info.plist */ = {isa = PBXFileReference; lastKnownFileType = text.plist.xml; path = Info.plist; sourceTree = "<group>"; };
		E2E9F130252624F900107D51 /* RealmUITests.xctest */ = {isa = PBXFileReference; explicitFileType = wrapper.cfbundle; includeInIndex = 0; path = RealmUITests.xctest; sourceTree = BUILT_PRODUCTS_DIR; };
		E2E9F134252624F900107D51 /* RealmUITests.swift */ = {isa = PBXFileReference; lastKnownFileType = sourcecode.swift; path = RealmUITests.swift; sourceTree = "<group>"; };
		E2E9F136252624F900107D51 /* Info.plist */ = {isa = PBXFileReference; lastKnownFileType = text.plist.xml; path = Info.plist; sourceTree = "<group>"; };
/* End PBXFileReference section */

/* Begin PBXFrameworksBuildPhase section */
		E2E9F10C252624EF00107D51 /* Frameworks */ = {
			isa = PBXFrameworksBuildPhase;
			buildActionMask = 2147483647;
			files = (
			);
			runOnlyForDeploymentPostprocessing = 0;
		};
		E2E9F122252624F900107D51 /* Frameworks */ = {
			isa = PBXFrameworksBuildPhase;
			buildActionMask = 2147483647;
			files = (
			);
			runOnlyForDeploymentPostprocessing = 0;
		};
		E2E9F12D252624F900107D51 /* Frameworks */ = {
			isa = PBXFrameworksBuildPhase;
			buildActionMask = 2147483647;
			files = (
			);
			runOnlyForDeploymentPostprocessing = 0;
		};
/* End PBXFrameworksBuildPhase section */

/* Begin PBXGroup section */
		E2E9F106252624EF00107D51 = {
			isa = PBXGroup;
			children = (
				E2E9F111252624EF00107D51 /* Realm */,
				E2E9F128252624F900107D51 /* RealmTests */,
				E2E9F133252624F900107D51 /* RealmUITests */,
				E2E9F110252624EF00107D51 /* Products */,
			);
			sourceTree = "<group>";
		};
		E2E9F110252624EF00107D51 /* Products */ = {
			isa = PBXGroup;
			children = (
				E2E9F10F252624EF00107D51 /* Realm.app */,
				E2E9F125252624F900107D51 /* RealmTests.xctest */,
				E2E9F130252624F900107D51 /* RealmUITests.xctest */,
			);
			name = Products;
			sourceTree = "<group>";
		};
		E2E9F111252624EF00107D51 /* Realm */ = {
			isa = PBXGroup;
			children = (
				E2E9F112252624EF00107D51 /* AppDelegate.swift */,
				E2E9F114252624EF00107D51 /* SceneDelegate.swift */,
				E2E9F116252624EF00107D51 /* ViewController.swift */,
				E2E9F118252624EF00107D51 /* Main.storyboard */,
				E2E9F11B252624F800107D51 /* Assets.xcassets */,
				E2E9F11D252624F800107D51 /* LaunchScreen.storyboard */,
				E2E9F120252624F800107D51 /* Info.plist */,
			);
			path = Realm;
			sourceTree = "<group>";
		};
		E2E9F128252624F900107D51 /* RealmTests */ = {
			isa = PBXGroup;
			children = (
				E2E9F129252624F900107D51 /* RealmTests.swift */,
				E2E9F12B252624F900107D51 /* Info.plist */,
			);
			path = RealmTests;
			sourceTree = "<group>";
		};
		E2E9F133252624F900107D51 /* RealmUITests */ = {
			isa = PBXGroup;
			children = (
				E2E9F134252624F900107D51 /* RealmUITests.swift */,
				E2E9F136252624F900107D51 /* Info.plist */,
			);
			path = RealmUITests;
			sourceTree = "<group>";
		};
/* End PBXGroup section */

/* Begin PBXNativeTarget section */
		E2E9F10E252624EF00107D51 /* Realm */ = {
			isa = PBXNativeTarget;
			buildConfigurationList = E2E9F139252624F900107D51 /* Build configuration list for PBXNativeTarget "Realm" */;
			buildPhases = (
				E2E9F10B252624EF00107D51 /* Sources */,
				E2E9F10C252624EF00107D51 /* Frameworks */,
				E2E9F10D252624EF00107D51 /* Resources */,
			);
			buildRules = (
			);
			dependencies = (
			);
			name = Realm;
			productName = Realm;
			productReference = E2E9F10F252624EF00107D51 /* Realm.app */;
			productType = "com.apple.product-type.application";
		};
		E2E9F124252624F900107D51 /* RealmTests */ = {
			isa = PBXNativeTarget;
			buildConfigurationList = E2E9F13C252624F900107D51 /* Build configuration list for PBXNativeTarget "RealmTests" */;
			buildPhases = (
				E2E9F121252624F900107D51 /* Sources */,
				E2E9F122252624F900107D51 /* Frameworks */,
				E2E9F123252624F900107D51 /* Resources */,
			);
			buildRules = (
			);
			dependencies = (
				E2E9F127252624F900107D51 /* PBXTargetDependency */,
			);
			name = RealmTests;
			productName = RealmTests;
			productReference = E2E9F125252624F900107D51 /* RealmTests.xctest */;
			productType = "com.apple.product-type.bundle.unit-test";
		};
		E2E9F12F252624F900107D51 /* RealmUITests */ = {
			isa = PBXNativeTarget;
			buildConfigurationList = E2E9F13F252624F900107D51 /* Build configuration list for PBXNativeTarget "RealmUITests" */;
			buildPhases = (
				E2E9F12C252624F900107D51 /* Sources */,
				E2E9F12D252624F900107D51 /* Frameworks */,
				E2E9F12E252624F900107D51 /* Resources */,
			);
			buildRules = (
			);
			dependencies = (
				E2E9F132252624F900107D51 /* PBXTargetDependency */,
			);
			name = RealmUITests;
			productName = RealmUITests;
			productReference = E2E9F130252624F900107D51 /* RealmUITests.xctest */;
			productType = "com.apple.product-type.bundle.ui-testing";
		};
/* End PBXNativeTarget section */

/* Begin PBXProject section */
		E2E9F107252624EF00107D51 /* Project object */ = {
			isa = PBXProject;
			attributes = {
				LastSwiftUpdateCheck = 1170;
				LastUpgradeCheck = 1170;
				ORGANIZATIONNAME = "古田翔太郎";
				TargetAttributes = {
					E2E9F10E252624EF00107D51 = {
						CreatedOnToolsVersion = 11.7;
					};
					E2E9F124252624F900107D51 = {
						CreatedOnToolsVersion = 11.7;
						TestTargetID = E2E9F10E252624EF00107D51;
					};
					E2E9F12F252624F900107D51 = {
						CreatedOnToolsVersion = 11.7;
						TestTargetID = E2E9F10E252624EF00107D51;
					};
				};
			};
			buildConfigurationList = E2E9F10A252624EF00107D51 /* Build configuration list for PBXProject "Realm" */;
			compatibilityVersion = "Xcode 9.3";
			developmentRegion = en;
			hasScannedForEncodings = 0;
			knownRegions = (
				en,
				Base,
			);
			mainGroup = E2E9F106252624EF00107D51;
			productRefGroup = E2E9F110252624EF00107D51 /* Products */;
			projectDirPath = "";
			projectRoot = "";
			targets = (
				E2E9F10E252624EF00107D51 /* Realm */,
				E2E9F124252624F900107D51 /* RealmTests */,
				E2E9F12F252624F900107D51 /* RealmUITests */,
			);
		};
/* End PBXProject section */

/* Begin PBXResourcesBuildPhase section */
		E2E9F10D252624EF00107D51 /* Resources */ = {
			isa = PBXResourcesBuildPhase;
			buildActionMask = 2147483647;
			files = (
				E2E9F11F252624F800107D51 /* LaunchScreen.storyboard in Resources */,
				E2E9F11C252624F800107D51 /* Assets.xcassets in Resources */,
				E2E9F11A252624EF00107D51 /* Main.storyboard in Resources */,
			);
			runOnlyForDeploymentPostprocessing = 0;
		};
		E2E9F123252624F900107D51 /* Resources */ = {
			isa = PBXResourcesBuildPhase;
			buildActionMask = 2147483647;
			files = (
			);
			runOnlyForDeploymentPostprocessing = 0;
		};
		E2E9F12E252624F900107D51 /* Resources */ = {
			isa = PBXResourcesBuildPhase;
			buildActionMask = 2147483647;
			files = (
			);
			runOnlyForDeploymentPostprocessing = 0;
		};
/* End PBXResourcesBuildPhase section */

/* Begin PBXSourcesBuildPhase section */
		E2E9F10B252624EF00107D51 /* Sources */ = {
			isa = PBXSourcesBuildPhase;
			buildActionMask = 2147483647;
			files = (
				E2E9F117252624EF00107D51 /* ViewController.swift in Sources */,
				E2E9F113252624EF00107D51 /* AppDelegate.swift in Sources */,
				E2E9F115252624EF00107D51 /* SceneDelegate.swift in Sources */,
			);
			runOnlyForDeploymentPostprocessing = 0;
		};
		E2E9F121252624F900107D51 /* Sources */ = {
			isa = PBXSourcesBuildPhase;
			buildActionMask = 2147483647;
			files = (
				E2E9F12A252624F900107D51 /* RealmTests.swift in Sources */,
			);
			runOnlyForDeploymentPostprocessing = 0;
		};
		E2E9F12C252624F900107D51 /* Sources */ = {
			isa = PBXSourcesBuildPhase;
			buildActionMask = 2147483647;
			files = (
				E2E9F135252624F900107D51 /* RealmUITests.swift in Sources */,
			);
			runOnlyForDeploymentPostprocessing = 0;
		};
/* End PBXSourcesBuildPhase section */

/* Begin PBXTargetDependency section */
		E2E9F127252624F900107D51 /* PBXTargetDependency */ = {
			isa = PBXTargetDependency;
			target = E2E9F10E252624EF00107D51 /* Realm */;
			targetProxy = E2E9F126252624F900107D51 /* PBXContainerItemProxy */;
		};
		E2E9F132252624F900107D51 /* PBXTargetDependency */ = {
			isa = PBXTargetDependency;
			target = E2E9F10E252624EF00107D51 /* Realm */;
			targetProxy = E2E9F131252624F900107D51 /* PBXContainerItemProxy */;
		};
/* End PBXTargetDependency section */

/* Begin PBXVariantGroup section */
		E2E9F118252624EF00107D51 /* Main.storyboard */ = {
			isa = PBXVariantGroup;
			children = (
				E2E9F119252624EF00107D51 /* Base */,
			);
			name = Main.storyboard;
			sourceTree = "<group>";
		};
		E2E9F11D252624F800107D51 /* LaunchScreen.storyboard */ = {
			isa = PBXVariantGroup;
			children = (
				E2E9F11E252624F800107D51 /* Base */,
			);
			name = LaunchScreen.storyboard;
			sourceTree = "<group>";
		};
/* End PBXVariantGroup section */

/* Begin XCBuildConfiguration section */
		E2E9F137252624F900107D51 /* Debug */ = {
			isa = XCBuildConfiguration;
			buildSettings = {
				ALWAYS_SEARCH_USER_PATHS = NO;
				CLANG_ANALYZER_NONNULL = YES;
				CLANG_ANALYZER_NUMBER_OBJECT_CONVERSION = YES_AGGRESSIVE;
				CLANG_CXX_LANGUAGE_STANDARD = "gnu++14";
				CLANG_CXX_LIBRARY = "libc++";
				CLANG_ENABLE_MODULES = YES;
				CLANG_ENABLE_OBJC_ARC = YES;
				CLANG_ENABLE_OBJC_WEAK = YES;
				CLANG_WARN_BLOCK_CAPTURE_AUTORELEASING = YES;
				CLANG_WARN_BOOL_CONVERSION = YES;
				CLANG_WARN_COMMA = YES;
				CLANG_WARN_CONSTANT_CONVERSION = YES;
				CLANG_WARN_DEPRECATED_OBJC_IMPLEMENTATIONS = YES;
				CLANG_WARN_DIRECT_OBJC_ISA_USAGE = YES_ERROR;
				CLANG_WARN_DOCUMENTATION_COMMENTS = YES;
				CLANG_WARN_EMPTY_BODY = YES;
				CLANG_WARN_ENUM_CONVERSION = YES;
				CLANG_WARN_INFINITE_RECURSION = YES;
				CLANG_WARN_INT_CONVERSION = YES;
				CLANG_WARN_NON_LITERAL_NULL_CONVERSION = YES;
				CLANG_WARN_OBJC_IMPLICIT_RETAIN_SELF = YES;
				CLANG_WARN_OBJC_LITERAL_CONVERSION = YES;
				CLANG_WARN_OBJC_ROOT_CLASS = YES_ERROR;
				CLANG_WARN_RANGE_LOOP_ANALYSIS = YES;
				CLANG_WARN_STRICT_PROTOTYPES = YES;
				CLANG_WARN_SUSPICIOUS_MOVE = YES;
				CLANG_WARN_UNGUARDED_AVAILABILITY = YES_AGGRESSIVE;
				CLANG_WARN_UNREACHABLE_CODE = YES;
				CLANG_WARN__DUPLICATE_METHOD_MATCH = YES;
				COPY_PHASE_STRIP = NO;
				DEBUG_INFORMATION_FORMAT = dwarf;
				ENABLE_STRICT_OBJC_MSGSEND = YES;
				ENABLE_TESTABILITY = YES;
				GCC_C_LANGUAGE_STANDARD = gnu11;
				GCC_DYNAMIC_NO_PIC = NO;
				GCC_NO_COMMON_BLOCKS = YES;
				GCC_OPTIMIZATION_LEVEL = 0;
				GCC_PREPROCESSOR_DEFINITIONS = (
					"DEBUG=1",
					"$(inherited)",
				);
				GCC_WARN_64_TO_32_BIT_CONVERSION = YES;
				GCC_WARN_ABOUT_RETURN_TYPE = YES_ERROR;
				GCC_WARN_UNDECLARED_SELECTOR = YES;
				GCC_WARN_UNINITIALIZED_AUTOS = YES_AGGRESSIVE;
				GCC_WARN_UNUSED_FUNCTION = YES;
				GCC_WARN_UNUSED_VARIABLE = YES;
				IPHONEOS_DEPLOYMENT_TARGET = 13.7;
				MTL_ENABLE_DEBUG_INFO = INCLUDE_SOURCE;
				MTL_FAST_MATH = YES;
				ONLY_ACTIVE_ARCH = YES;
				SDKROOT = iphoneos;
				SWIFT_ACTIVE_COMPILATION_CONDITIONS = DEBUG;
				SWIFT_OPTIMIZATION_LEVEL = "-Onone";
			};
			name = Debug;
		};
		E2E9F138252624F900107D51 /* Release */ = {
			isa = XCBuildConfiguration;
			buildSettings = {
				ALWAYS_SEARCH_USER_PATHS = NO;
				CLANG_ANALYZER_NONNULL = YES;
				CLANG_ANALYZER_NUMBER_OBJECT_CONVERSION = YES_AGGRESSIVE;
				CLANG_CXX_LANGUAGE_STANDARD = "gnu++14";
				CLANG_CXX_LIBRARY = "libc++";
				CLANG_ENABLE_MODULES = YES;
				CLANG_ENABLE_OBJC_ARC = YES;
				CLANG_ENABLE_OBJC_WEAK = YES;
				CLANG_WARN_BLOCK_CAPTURE_AUTORELEASING = YES;
				CLANG_WARN_BOOL_CONVERSION = YES;
				CLANG_WARN_COMMA = YES;
				CLANG_WARN_CONSTANT_CONVERSION = YES;
				CLANG_WARN_DEPRECATED_OBJC_IMPLEMENTATIONS = YES;
				CLANG_WARN_DIRECT_OBJC_ISA_USAGE = YES_ERROR;
				CLANG_WARN_DOCUMENTATION_COMMENTS = YES;
				CLANG_WARN_EMPTY_BODY = YES;
				CLANG_WARN_ENUM_CONVERSION = YES;
				CLANG_WARN_INFINITE_RECURSION = YES;
				CLANG_WARN_INT_CONVERSION = YES;
				CLANG_WARN_NON_LITERAL_NULL_CONVERSION = YES;
				CLANG_WARN_OBJC_IMPLICIT_RETAIN_SELF = YES;
				CLANG_WARN_OBJC_LITERAL_CONVERSION = YES;
				CLANG_WARN_OBJC_ROOT_CLASS = YES_ERROR;
				CLANG_WARN_RANGE_LOOP_ANALYSIS = YES;
				CLANG_WARN_STRICT_PROTOTYPES = YES;
				CLANG_WARN_SUSPICIOUS_MOVE = YES;
				CLANG_WARN_UNGUARDED_AVAILABILITY = YES_AGGRESSIVE;
				CLANG_WARN_UNREACHABLE_CODE = YES;
				CLANG_WARN__DUPLICATE_METHOD_MATCH = YES;
				COPY_PHASE_STRIP = NO;
				DEBUG_INFORMATION_FORMAT = "dwarf-with-dsym";
				ENABLE_NS_ASSERTIONS = NO;
				ENABLE_STRICT_OBJC_MSGSEND = YES;
				GCC_C_LANGUAGE_STANDARD = gnu11;
				GCC_NO_COMMON_BLOCKS = YES;
				GCC_WARN_64_TO_32_BIT_CONVERSION = YES;
				GCC_WARN_ABOUT_RETURN_TYPE = YES_ERROR;
				GCC_WARN_UNDECLARED_SELECTOR = YES;
				GCC_WARN_UNINITIALIZED_AUTOS = YES_AGGRESSIVE;
				GCC_WARN_UNUSED_FUNCTION = YES;
				GCC_WARN_UNUSED_VARIABLE = YES;
				IPHONEOS_DEPLOYMENT_TARGET = 13.7;
				MTL_ENABLE_DEBUG_INFO = NO;
				MTL_FAST_MATH = YES;
				SDKROOT = iphoneos;
				SWIFT_COMPILATION_MODE = wholemodule;
				SWIFT_OPTIMIZATION_LEVEL = "-O";
				VALIDATE_PRODUCT = YES;
			};
			name = Release;
		};
		E2E9F13A252624F900107D51 /* Debug */ = {
			isa = XCBuildConfiguration;
			buildSettings = {
				ASSETCATALOG_COMPILER_APPICON_NAME = AppIcon;
				CODE_SIGN_STYLE = Automatic;
				INFOPLIST_FILE = Realm/Info.plist;
				LD_RUNPATH_SEARCH_PATHS = (
					"$(inherited)",
					"@executable_path/Frameworks",
				);
				PRODUCT_BUNDLE_IDENTIFIER = anny.Realm;
				PRODUCT_NAME = "$(TARGET_NAME)";
				SWIFT_VERSION = 5.0;
				TARGETED_DEVICE_FAMILY = "1,2";
			};
			name = Debug;
		};
		E2E9F13B252624F900107D51 /* Release */ = {
			isa = XCBuildConfiguration;
			buildSettings = {
				ASSETCATALOG_COMPILER_APPICON_NAME = AppIcon;
				CODE_SIGN_STYLE = Automatic;
				INFOPLIST_FILE = Realm/Info.plist;
				LD_RUNPATH_SEARCH_PATHS = (
					"$(inherited)",
					"@executable_path/Frameworks",
				);
				PRODUCT_BUNDLE_IDENTIFIER = anny.Realm;
				PRODUCT_NAME = "$(TARGET_NAME)";
				SWIFT_VERSION = 5.0;
				TARGETED_DEVICE_FAMILY = "1,2";
			};
			name = Release;
		};
		E2E9F13D252624F900107D51 /* Debug */ = {
			isa = XCBuildConfiguration;
			buildSettings = {
				ALWAYS_EMBED_SWIFT_STANDARD_LIBRARIES = YES;
				BUNDLE_LOADER = "$(TEST_HOST)";
				CODE_SIGN_STYLE = Automatic;
				INFOPLIST_FILE = RealmTests/Info.plist;
				IPHONEOS_DEPLOYMENT_TARGET = 13.7;
				LD_RUNPATH_SEARCH_PATHS = (
					"$(inherited)",
					"@executable_path/Frameworks",
					"@loader_path/Frameworks",
				);
				PRODUCT_BUNDLE_IDENTIFIER = anny.RealmTests;
				PRODUCT_NAME = "$(TARGET_NAME)";
				SWIFT_VERSION = 5.0;
				TARGETED_DEVICE_FAMILY = "1,2";
				TEST_HOST = "$(BUILT_PRODUCTS_DIR)/Realm.app/Realm";
			};
			name = Debug;
		};
		E2E9F13E252624F900107D51 /* Release */ = {
			isa = XCBuildConfiguration;
			buildSettings = {
				ALWAYS_EMBED_SWIFT_STANDARD_LIBRARIES = YES;
				BUNDLE_LOADER = "$(TEST_HOST)";
				CODE_SIGN_STYLE = Automatic;
				INFOPLIST_FILE = RealmTests/Info.plist;
				IPHONEOS_DEPLOYMENT_TARGET = 13.7;
				LD_RUNPATH_SEARCH_PATHS = (
					"$(inherited)",
					"@executable_path/Frameworks",
					"@loader_path/Frameworks",
				);
				PRODUCT_BUNDLE_IDENTIFIER = anny.RealmTests;
				PRODUCT_NAME = "$(TARGET_NAME)";
				SWIFT_VERSION = 5.0;
				TARGETED_DEVICE_FAMILY = "1,2";
				TEST_HOST = "$(BUILT_PRODUCTS_DIR)/Realm.app/Realm";
			};
			name = Release;
		};
		E2E9F140252624F900107D51 /* Debug */ = {
			isa = XCBuildConfiguration;
			buildSettings = {
				ALWAYS_EMBED_SWIFT_STANDARD_LIBRARIES = YES;
				CODE_SIGN_STYLE = Automatic;
				INFOPLIST_FILE = RealmUITests/Info.plist;
				LD_RUNPATH_SEARCH_PATHS = (
					"$(inherited)",
					"@executable_path/Frameworks",
					"@loader_path/Frameworks",
				);
				PRODUCT_BUNDLE_IDENTIFIER = anny.RealmUITests;
				PRODUCT_NAME = "$(TARGET_NAME)";
				SWIFT_VERSION = 5.0;
				TARGETED_DEVICE_FAMILY = "1,2";
				TEST_TARGET_NAME = Realm;
			};
			name = Debug;
		};
		E2E9F141252624F900107D51 /* Release */ = {
			isa = XCBuildConfiguration;
			buildSettings = {
				ALWAYS_EMBED_SWIFT_STANDARD_LIBRARIES = YES;
				CODE_SIGN_STYLE = Automatic;
				INFOPLIST_FILE = RealmUITests/Info.plist;
				LD_RUNPATH_SEARCH_PATHS = (
					"$(inherited)",
					"@executable_path/Frameworks",
					"@loader_path/Frameworks",
				);
				PRODUCT_BUNDLE_IDENTIFIER = anny.RealmUITests;
				PRODUCT_NAME = "$(TARGET_NAME)";
				SWIFT_VERSION = 5.0;
				TARGETED_DEVICE_FAMILY = "1,2";
				TEST_TARGET_NAME = Realm;
			};
			name = Release;
		};
/* End XCBuildConfiguration section */

/* Begin XCConfigurationList section */
		E2E9F10A252624EF00107D51 /* Build configuration list for PBXProject "Realm" */ = {
			isa = XCConfigurationList;
			buildConfigurations = (
				E2E9F137252624F900107D51 /* Debug */,
				E2E9F138252624F900107D51 /* Release */,
			);
			defaultConfigurationIsVisible = 0;
			defaultConfigurationName = Release;
		};
		E2E9F139252624F900107D51 /* Build configuration list for PBXNativeTarget "Realm" */ = {
			isa = XCConfigurationList;
			buildConfigurations = (
				E2E9F13A252624F900107D51 /* Debug */,
				E2E9F13B252624F900107D51 /* Release */,
			);
			defaultConfigurationIsVisible = 0;
			defaultConfigurationName = Release;
		};
		E2E9F13C252624F900107D51 /* Build configuration list for PBXNativeTarget "RealmTests" */ = {
			isa = XCConfigurationList;
			buildConfigurations = (
				E2E9F13D252624F900107D51 /* Debug */,
				E2E9F13E252624F900107D51 /* Release */,
			);
			defaultConfigurationIsVisible = 0;
			defaultConfigurationName = Release;
		};
		E2E9F13F252624F900107D51 /* Build configuration list for PBXNativeTarget "RealmUITests" */ = {
			isa = XCConfigurationList;
			buildConfigurations = (
				E2E9F140252624F900107D51 /* Debug */,
				E2E9F141252624F900107D51 /* Release */,
			);
			defaultConfigurationIsVisible = 0;
			defaultConfigurationName = Release;
		};
/* End XCConfigurationList section */
	};
	rootObject = E2E9F107252624EF00107D51 /* Project object */;
}
